
Microsoft Visual Studio Solution File, Format Version 12.00
# Visual Studio 15
VisualStudioVersion = 15.0.28307.1525
MinimumVisualStudioVersion = 10.0.40219.1
Project("{FAE04EC0-301F-11D3-BF4B-00C04F79EFBC}") = "TextControl", "TextControl\TextControl.csproj", "{DA00B3D9-7CE5-4634-A7D2-9A6D3F92C382}"
EndProject
Project("{54435603-DBB4-11D2-8724-00A0C9A8B90C}") = "Setup", "Setup\Setup.vdproj", "{DF0E2906-CFEE-485B-BC41-C8BC0B9C33A0}"
EndProject
Global
	GlobalSection(SolutionConfigurationPlatforms) = preSolution
		Debug|Any CPU = Debug|Any CPU
		Release|Any CPU = Release|Any CPU
		Trial|Any CPU = Trial|Any CPU
	EndGlobalSection
	GlobalSection(ProjectConfigurationPlatforms) = postSolution
		{DA00B3D9-7CE5-4634-A7D2-9A6D3F92C382}.Debug|Any CPU.ActiveCfg = Debug|Any CPU
		{DA00B3D9-7CE5-4634-A7D2-9A6D3F92C382}.Debug|Any CPU.Build.0 = Debug|Any CPU
		{DA00B3D9-7CE5-4634-A7D2-9A6D3F92C382}.Release|Any CPU.ActiveCfg = Release|Any CPU
		{DA00B3D9-7CE5-4634-A7D2-9A6D3F92C382}.Release|Any CPU.Build.0 = Release|Any CPU
		{DA00B3D9-7CE5-4634-A7D2-9A6D3F92C382}.Trial|Any CPU.ActiveCfg = Trial|Any CPU
		{DA00B3D9-7CE5-4634-A7D2-9A6D3F92C382}.Trial|Any CPU.Build.0 = Trial|Any CPU
		{DF0E2906-CFEE-485B-BC41-C8BC0B9C33A0}.Debug|Any CPU.ActiveCfg = Debug
		{DF0E2906-CFEE-485B-BC41-C8BC0B9C33A0}.Release|Any CPU.ActiveCfg = Release
		{DF0E2906-CFEE-485B-BC41-C8BC0B9C33A0}.Trial|Any CPU.ActiveCfg = Release
	EndGlobalSection
	GlobalSection(SolutionProperties) = preSolution
		HideSolutionNode = FALSE
	EndGlobalSection
	GlobalSection(ExtensibilityGlobals) = postSolution
		SolutionGuid = {28C46E52-E33B-40C2-810E-2D7554FD8622}
	EndGlobalSection
EndGlobal
